
Microsoft Visual Studio Solution File, Format Version 12.00
# Visual Studio Version 17
VisualStudioVersion = 17.14.36518.9
MinimumVisualStudioVersion = 10.0.40219.1
Project("{2150E333-8FDC-42A3-9474-1A3956D46DE8}") = "Task0", "Task0", "{02EA681E-C7D8-13C7-8484-4AC65E1B71E8}"
EndProject
Project("{FAE04EC0-301F-11D3-BF4B-00C04F79EFBC}") = "Tyuiu.KozyrevRA.Sprint6.Task0.V2.Lib", "Tyuiu.KozyrevRA.Sprint6.Task0.V2.Lib\Tyuiu.KozyrevRA.Sprint6.Task0.V2.Lib.csproj", "{79A71DFC-F5C7-4192-BAAD-E1C2F085EBEF}"
EndProject
Project("{FAE04EC0-301F-11D3-BF4B-00C04F79EFBC}") = "Tyuiu.KozyrevRA.Sprint6.Task0.V2.Test", "Tyuiu.KozyrevRA.Sprint6.Task0.V2.Test\Tyuiu.KozyrevRA.Sprint6.Task0.V2.Test.csproj", "{199DE003-4E37-4078-B8D9-DC12688C9837}"
EndProject
Project("{FAE04EC0-301F-11D3-BF4B-00C04F79EFBC}") = "Tyuiu.KozyrevRA.Sprint6.Task0.V2", "Tyuiu.KozyrevRA.Sprint6.Task0.V2\Tyuiu.KozyrevRA.Sprint6.Task0.V2.csproj", "{2664D30F-5C6A-4BB5-91DB-FD37623CAAD3}"
EndProject
Project("{2150E333-8FDC-42A3-9474-1A3956D46DE8}") = "Task1", "Task1", "{B41960A6-DFF4-47F5-8055-BCB5E3145267}"
EndProject
Project("{FAE04EC0-301F-11D3-BF4B-00C04F79EFBC}") = "Tyuiu.KozyrevRA.Sprint6.Task1.V30.Lib", "Tyuiu.KozyrevRA.Sprint6.Task1.V30.Lib\Tyuiu.KozyrevRA.Sprint6.Task1.V30.Lib.csproj", "{160E1639-FBDF-42CF-BDA8-33861C25F46A}"
EndProject
Project("{FAE04EC0-301F-11D3-BF4B-00C04F79EFBC}") = "Tyuiu.KozyrevRA.Sprint6.Task1.V30.Test", "Tyuiu.KozyrevRA.Sprint6.Task1.V30.Test\Tyuiu.KozyrevRA.Sprint6.Task1.V30.Test.csproj", "{9C153560-3BA2-4967-AAB9-774B43C34917}"
EndProject
Project("{FAE04EC0-301F-11D3-BF4B-00C04F79EFBC}") = "Tyuiu.KozyrevRA.Sprint6.Task1.V30", "Tyuiu.KozyrevRA.Sprint6.Task1.V30\Tyuiu.KozyrevRA.Sprint6.Task1.V30.csproj", "{D95A7CA8-36E5-45A3-A604-10E87F7368AC}"
EndProject
Project("{2150E333-8FDC-42A3-9474-1A3956D46DE8}") = "Task2", "Task2", "{E349960A-8E98-4BD1-B40B-8141BA988FFE}"
EndProject
Project("{FAE04EC0-301F-11D3-BF4B-00C04F79EFBC}") = "Tyuiu.KozyrevRA.Sprint6.Task2.V17.Lib", "Tyuiu.KozyrevRA.Sprint6.Task2.V17.Lib\Tyuiu.KozyrevRA.Sprint6.Task2.V17.Lib.csproj", "{5A0E0469-71F7-46F8-ABAE-C3F7DD4A161D}"
EndProject
Project("{FAE04EC0-301F-11D3-BF4B-00C04F79EFBC}") = "Tyuiu.KozyrevRA.Sprint6.Task2.V17.Test", "Tyuiu.KozyrevRA.Sprint6.Task2.V17.Test\Tyuiu.KozyrevRA.Sprint6.Task2.V17.Test.csproj", "{E7B8A1D8-E07D-4572-ADDC-37A9D8DD9C61}"
EndProject
Project("{FAE04EC0-301F-11D3-BF4B-00C04F79EFBC}") = "Tyuiu.KozyrevRA.Sprint6.Task2.V17", "Tyuiu.KozyrevRA.Sprint6.Task2.V17\Tyuiu.KozyrevRA.Sprint6.Task2.V17.csproj", "{71D03CE2-A253-4463-B98D-59182061AD6A}"
EndProject
Project("{2150E333-8FDC-42A3-9474-1A3956D46DE8}") = "Task3", "Task3", "{688FE21E-A750-4F91-B1CE-B5451824BDF3}"
EndProject
Project("{FAE04EC0-301F-11D3-BF4B-00C04F79EFBC}") = "Tyuiu.KozyrevRA.Sprint6.Task3.V21.Lib", "Tyuiu.KozyrevRA.Sprint6.Task3.V21.Lib\Tyuiu.KozyrevRA.Sprint6.Task3.V21.Lib.csproj", "{E54EE573-8131-42FF-98FA-58772FDB3BB8}"
EndProject
Project("{FAE04EC0-301F-11D3-BF4B-00C04F79EFBC}") = "Tyuiu.KozyrevRA.Sprint6.Task3.V21.Test", "Tyuiu.KozyrevRA.Sprint6.Task3.V21.Test\Tyuiu.KozyrevRA.Sprint6.Task3.V21.Test.csproj", "{145FF370-143F-4EF3-9DC2-EC71DCE10C5E}"
EndProject
Project("{FAE04EC0-301F-11D3-BF4B-00C04F79EFBC}") = "Tyuiu.KozyrevRA.Sprint6.Task3.V21", "Tyuiu.KozyrevRA.Sprint6.Task3.V21\Tyuiu.KozyrevRA.Sprint6.Task3.V21.csproj", "{CE5CF3AB-07D9-4F81-B5DB-9280EB51753C}"
EndProject
Project("{2150E333-8FDC-42A3-9474-1A3956D46DE8}") = "Task4", "Task4", "{40DA7E63-C559-495F-9D4A-F52352E1E65C}"
EndProject
Project("{FAE04EC0-301F-11D3-BF4B-00C04F79EFBC}") = "Tyuiu.KozyrevRA.Sprint6.Task4.V12.Lib", "Tyuiu.KozyrevRA.Sprint6.Task4.V12.Lib\Tyuiu.KozyrevRA.Sprint6.Task4.V12.Lib.csproj", "{A148386D-290E-4620-A37E-D42AC00B488E}"
EndProject
Project("{FAE04EC0-301F-11D3-BF4B-00C04F79EFBC}") = "Tyuiu.KozyrevRA.Sprint6.Task4.V12.Test", "Tyuiu.KozyrevRA.Sprint6.Task4.V12.Test\Tyuiu.KozyrevRA.Sprint6.Task4.V12.Test.csproj", "{A208D54C-646D-4BC0-BC71-0711951B08D7}"
EndProject
Project("{FAE04EC0-301F-11D3-BF4B-00C04F79EFBC}") = "Tyuiu.KozyrevRA.Sprint6.Task4.V12", "Tyuiu.KozyrevRA.Sprint6.Task4.V12\Tyuiu.KozyrevRA.Sprint6.Task4.V12.csproj", "{7F135468-774C-4183-BAF5-529D9454BB59}"
EndProject
Project("{2150E333-8FDC-42A3-9474-1A3956D46DE8}") = "Task5", "Task5", "{59DFD6DB-5434-4CBE-BC7E-36FAEECEA5CB}"
EndProject
Project("{FAE04EC0-301F-11D3-BF4B-00C04F79EFBC}") = "Tyuiu.KozyrevRA.Sprint6.Task5.V19.Lib", "Tyuiu.KozyrevRA.Sprint6.Task5.V19.Lib\Tyuiu.KozyrevRA.Sprint6.Task5.V19.Lib.csproj", "{798B7594-48EF-4E59-82B5-55792FAD6297}"
EndProject
Project("{FAE04EC0-301F-11D3-BF4B-00C04F79EFBC}") = "Tyuiu.KozyrevRA.Sprint6.Task5.V19.Test", "Tyuiu.KozyrevRA.Sprint6.Task5.V19.Test\Tyuiu.KozyrevRA.Sprint6.Task5.V19.Test.csproj", "{46B2DF1A-15B2-427D-96FF-1004CDC42356}"
EndProject
Project("{FAE04EC0-301F-11D3-BF4B-00C04F79EFBC}") = "Tyuiu.KozyrevRA.Sprint6.Task5.V19", "Tyuiu.KozyrevRA.Sprint6.Task5.V19\Tyuiu.KozyrevRA.Sprint6.Task5.V19.csproj", "{75773C99-0EA5-47CC-B84C-3C754BD1397F}"
EndProject
Project("{2150E333-8FDC-42A3-9474-1A3956D46DE8}") = "Task6", "Task6", "{E18624B4-9FD4-46AC-A2E8-67BB46F919E2}"
EndProject
Project("{FAE04EC0-301F-11D3-BF4B-00C04F79EFBC}") = "Tyuiu.KozyrevRA.Sprint6.Task6.V4.Lib", "Tyuiu.KozyrevRA.Sprint6.Task6.V4.Lib\Tyuiu.KozyrevRA.Sprint6.Task6.V4.Lib.csproj", "{13AFCC26-E737-4FE3-B09A-F19274112075}"
EndProject
Project("{FAE04EC0-301F-11D3-BF4B-00C04F79EFBC}") = "Tyuiu.KozyrevRA.Sprint6.Task6.V4.Test", "Tyuiu.KozyrevRA.Sprint6.Task6.V4.Test\Tyuiu.KozyrevRA.Sprint6.Task6.V4.Test.csproj", "{0D907FA6-5DFF-4788-A6BC-DCFD1EB7B89A}"
EndProject
Project("{FAE04EC0-301F-11D3-BF4B-00C04F79EFBC}") = "Tyuiu.KozyrevRA.Sprint6.Task6.V4", "Tyuiu.KozyrevRA.Sprint6.Task6.V4\Tyuiu.KozyrevRA.Sprint6.Task6.V4.csproj", "{69C1B541-BBEF-43F1-9341-A7F9032346F8}"
EndProject
Project("{2150E333-8FDC-42A3-9474-1A3956D46DE8}") = "Task7", "Task7", "{103800E3-9104-46D3-B3BB-AB1CB75C84DA}"
EndProject
Project("{FAE04EC0-301F-11D3-BF4B-00C04F79EFBC}") = "Tyuiu.KozyrevRA.Sprint6.Task7.V5.Lib", "Tyuiu.KozyrevRA.Sprint6.Task7.V5.Lib\Tyuiu.KozyrevRA.Sprint6.Task7.V5.Lib.csproj", "{6A24325A-6411-4932-A74A-AB20EAC002BE}"
EndProject
Project("{FAE04EC0-301F-11D3-BF4B-00C04F79EFBC}") = "Tyuiu.KozyrevRA.Sprint6.Task7.V5.Test", "Tyuiu.KozyrevRA.Sprint6.Task7.V5.Test\Tyuiu.KozyrevRA.Sprint6.Task7.V5.Test.csproj", "{3DB6D41B-2450-4696-BCBD-20E1F4206056}"
EndProject
Project("{FAE04EC0-301F-11D3-BF4B-00C04F79EFBC}") = "Tyuiu.KozyrevRA.Sprint6.Task7.V5", "Tyuiu.KozyrevRA.Sprint6.Task7.V5\Tyuiu.KozyrevRA.Sprint6.Task7.V5.csproj", "{FCC4AF29-8B4C-4FDD-AD1F-6558590747F6}"
EndProject
Global
	GlobalSection(SolutionConfigurationPlatforms) = preSolution
		Debug|Any CPU = Debug|Any CPU
		Release|Any CPU = Release|Any CPU
	EndGlobalSection
	GlobalSection(ProjectConfigurationPlatforms) = postSolution
		{79A71DFC-F5C7-4192-BAAD-E1C2F085EBEF}.Debug|Any CPU.ActiveCfg = Debug|Any CPU
		{79A71DFC-F5C7-4192-BAAD-E1C2F085EBEF}.Debug|Any CPU.Build.0 = Debug|Any CPU
		{79A71DFC-F5C7-4192-BAAD-E1C2F085EBEF}.Release|Any CPU.ActiveCfg = Release|Any CPU
		{79A71DFC-F5C7-4192-BAAD-E1C2F085EBEF}.Release|Any CPU.Build.0 = Release|Any CPU
		{199DE003-4E37-4078-B8D9-DC12688C9837}.Debug|Any CPU.ActiveCfg = Debug|Any CPU
		{199DE003-4E37-4078-B8D9-DC12688C9837}.Debug|Any CPU.Build.0 = Debug|Any CPU
		{199DE003-4E37-4078-B8D9-DC12688C9837}.Release|Any CPU.ActiveCfg = Release|Any CPU
		{199DE003-4E37-4078-B8D9-DC12688C9837}.Release|Any CPU.Build.0 = Release|Any CPU
		{2664D30F-5C6A-4BB5-91DB-FD37623CAAD3}.Debug|Any CPU.ActiveCfg = Debug|Any CPU
		{2664D30F-5C6A-4BB5-91DB-FD37623CAAD3}.Debug|Any CPU.Build.0 = Debug|Any CPU
		{2664D30F-5C6A-4BB5-91DB-FD37623CAAD3}.Release|Any CPU.ActiveCfg = Release|Any CPU
		{2664D30F-5C6A-4BB5-91DB-FD37623CAAD3}.Release|Any CPU.Build.0 = Release|Any CPU
		{160E1639-FBDF-42CF-BDA8-33861C25F46A}.Debug|Any CPU.ActiveCfg = Debug|Any CPU
		{160E1639-FBDF-42CF-BDA8-33861C25F46A}.Debug|Any CPU.Build.0 = Debug|Any CPU
		{160E1639-FBDF-42CF-BDA8-33861C25F46A}.Release|Any CPU.ActiveCfg = Release|Any CPU
		{160E1639-FBDF-42CF-BDA8-33861C25F46A}.Release|Any CPU.Build.0 = Release|Any CPU
		{9C153560-3BA2-4967-AAB9-774B43C34917}.Debug|Any CPU.ActiveCfg = Debug|Any CPU
		{9C153560-3BA2-4967-AAB9-774B43C34917}.Debug|Any CPU.Build.0 = Debug|Any CPU
		{9C153560-3BA2-4967-AAB9-774B43C34917}.Release|Any CPU.ActiveCfg = Release|Any CPU
		{9C153560-3BA2-4967-AAB9-774B43C34917}.Release|Any CPU.Build.0 = Release|Any CPU
		{D95A7CA8-36E5-45A3-A604-10E87F7368AC}.Debug|Any CPU.ActiveCfg = Debug|Any CPU
		{D95A7CA8-36E5-45A3-A604-10E87F7368AC}.Debug|Any CPU.Build.0 = Debug|Any CPU
		{D95A7CA8-36E5-45A3-A604-10E87F7368AC}.Release|Any CPU.ActiveCfg = Release|Any CPU
		{D95A7CA8-36E5-45A3-A604-10E87F7368AC}.Release|Any CPU.Build.0 = Release|Any CPU
		{5A0E0469-71F7-46F8-ABAE-C3F7DD4A161D}.Debug|Any CPU.ActiveCfg = Debug|Any CPU
		{5A0E0469-71F7-46F8-ABAE-C3F7DD4A161D}.Debug|Any CPU.Build.0 = Debug|Any CPU
		{5A0E0469-71F7-46F8-ABAE-C3F7DD4A161D}.Release|Any CPU.ActiveCfg = Release|Any CPU
		{5A0E0469-71F7-46F8-ABAE-C3F7DD4A161D}.Release|Any CPU.Build.0 = Release|Any CPU
		{E7B8A1D8-E07D-4572-ADDC-37A9D8DD9C61}.Debug|Any CPU.ActiveCfg = Debug|Any CPU
		{E7B8A1D8-E07D-4572-ADDC-37A9D8DD9C61}.Debug|Any CPU.Build.0 = Debug|Any CPU
		{E7B8A1D8-E07D-4572-ADDC-37A9D8DD9C61}.Release|Any CPU.ActiveCfg = Release|Any CPU
		{E7B8A1D8-E07D-4572-ADDC-37A9D8DD9C61}.Release|Any CPU.Build.0 = Release|Any CPU
		{71D03CE2-A253-4463-B98D-59182061AD6A}.Debug|Any CPU.ActiveCfg = Debug|Any CPU
		{71D03CE2-A253-4463-B98D-59182061AD6A}.Debug|Any CPU.Build.0 = Debug|Any CPU
		{71D03CE2-A253-4463-B98D-59182061AD6A}.Release|Any CPU.ActiveCfg = Release|Any CPU
		{71D03CE2-A253-4463-B98D-59182061AD6A}.Release|Any CPU.Build.0 = Release|Any CPU
		{E54EE573-8131-42FF-98FA-58772FDB3BB8}.Debug|Any CPU.ActiveCfg = Debug|Any CPU
		{E54EE573-8131-42FF-98FA-58772FDB3BB8}.Debug|Any CPU.Build.0 = Debug|Any CPU
		{E54EE573-8131-42FF-98FA-58772FDB3BB8}.Release|Any CPU.ActiveCfg = Release|Any CPU
		{E54EE573-8131-42FF-98FA-58772FDB3BB8}.Release|Any CPU.Build.0 = Release|Any CPU
		{145FF370-143F-4EF3-9DC2-EC71DCE10C5E}.Debug|Any CPU.ActiveCfg = Debug|Any CPU
		{145FF370-143F-4EF3-9DC2-EC71DCE10C5E}.Debug|Any CPU.Build.0 = Debug|Any CPU
		{145FF370-143F-4EF3-9DC2-EC71DCE10C5E}.Release|Any CPU.ActiveCfg = Release|Any CPU
		{145FF370-143F-4EF3-9DC2-EC71DCE10C5E}.Release|Any CPU.Build.0 = Release|Any CPU
		{CE5CF3AB-07D9-4F81-B5DB-9280EB51753C}.Debug|Any CPU.ActiveCfg = Debug|Any CPU
		{CE5CF3AB-07D9-4F81-B5DB-9280EB51753C}.Debug|Any CPU.Build.0 = Debug|Any CPU
		{CE5CF3AB-07D9-4F81-B5DB-9280EB51753C}.Release|Any CPU.ActiveCfg = Release|Any CPU
		{CE5CF3AB-07D9-4F81-B5DB-9280EB51753C}.Release|Any CPU.Build.0 = Release|Any CPU
		{A148386D-290E-4620-A37E-D42AC00B488E}.Debug|Any CPU.ActiveCfg = Debug|Any CPU
		{A148386D-290E-4620-A37E-D42AC00B488E}.Debug|Any CPU.Build.0 = Debug|Any CPU
		{A148386D-290E-4620-A37E-D42AC00B488E}.Release|Any CPU.ActiveCfg = Release|Any CPU
		{A148386D-290E-4620-A37E-D42AC00B488E}.Release|Any CPU.Build.0 = Release|Any CPU
		{A208D54C-646D-4BC0-BC71-0711951B08D7}.Debug|Any CPU.ActiveCfg = Debug|Any CPU
		{A208D54C-646D-4BC0-BC71-0711951B08D7}.Debug|Any CPU.Build.0 = Debug|Any CPU
		{A208D54C-646D-4BC0-BC71-0711951B08D7}.Release|Any CPU.ActiveCfg = Release|Any CPU
		{A208D54C-646D-4BC0-BC71-0711951B08D7}.Release|Any CPU.Build.0 = Release|Any CPU
		{7F135468-774C-4183-BAF5-529D9454BB59}.Debug|Any CPU.ActiveCfg = Debug|Any CPU
		{7F135468-774C-4183-BAF5-529D9454BB59}.Debug|Any CPU.Build.0 = Debug|Any CPU
		{7F135468-774C-4183-BAF5-529D9454BB59}.Release|Any CPU.ActiveCfg = Release|Any CPU
		{7F135468-774C-4183-BAF5-529D9454BB59}.Release|Any CPU.Build.0 = Release|Any CPU
		{798B7594-48EF-4E59-82B5-55792FAD6297}.Debug|Any CPU.ActiveCfg = Debug|Any CPU
		{798B7594-48EF-4E59-82B5-55792FAD6297}.Debug|Any CPU.Build.0 = Debug|Any CPU
		{798B7594-48EF-4E59-82B5-55792FAD6297}.Release|Any CPU.ActiveCfg = Release|Any CPU
		{798B7594-48EF-4E59-82B5-55792FAD6297}.Release|Any CPU.Build.0 = Release|Any CPU
		{46B2DF1A-15B2-427D-96FF-1004CDC42356}.Debug|Any CPU.ActiveCfg = Debug|Any CPU
		{46B2DF1A-15B2-427D-96FF-1004CDC42356}.Debug|Any CPU.Build.0 = Debug|Any CPU
		{46B2DF1A-15B2-427D-96FF-1004CDC42356}.Release|Any CPU.ActiveCfg = Release|Any CPU
		{46B2DF1A-15B2-427D-96FF-1004CDC42356}.Release|Any CPU.Build.0 = Release|Any CPU
		{75773C99-0EA5-47CC-B84C-3C754BD1397F}.Debug|Any CPU.ActiveCfg = Debug|Any CPU
		{75773C99-0EA5-47CC-B84C-3C754BD1397F}.Debug|Any CPU.Build.0 = Debug|Any CPU
		{75773C99-0EA5-47CC-B84C-3C754BD1397F}.Release|Any CPU.ActiveCfg = Release|Any CPU
		{75773C99-0EA5-47CC-B84C-3C754BD1397F}.Release|Any CPU.Build.0 = Release|Any CPU
		{13AFCC26-E737-4FE3-B09A-F19274112075}.Debug|Any CPU.ActiveCfg = Debug|Any CPU
		{13AFCC26-E737-4FE3-B09A-F19274112075}.Debug|Any CPU.Build.0 = Debug|Any CPU
		{13AFCC26-E737-4FE3-B09A-F19274112075}.Release|Any CPU.ActiveCfg = Release|Any CPU
		{13AFCC26-E737-4FE3-B09A-F19274112075}.Release|Any CPU.Build.0 = Release|Any CPU
		{0D907FA6-5DFF-4788-A6BC-DCFD1EB7B89A}.Debug|Any CPU.ActiveCfg = Debug|Any CPU
		{0D907FA6-5DFF-4788-A6BC-DCFD1EB7B89A}.Debug|Any CPU.Build.0 = Debug|Any CPU
		{0D907FA6-5DFF-4788-A6BC-DCFD1EB7B89A}.Release|Any CPU.ActiveCfg = Release|Any CPU
		{0D907FA6-5DFF-4788-A6BC-DCFD1EB7B89A}.Release|Any CPU.Build.0 = Release|Any CPU
		{69C1B541-BBEF-43F1-9341-A7F9032346F8}.Debug|Any CPU.ActiveCfg = Debug|Any CPU
		{69C1B541-BBEF-43F1-9341-A7F9032346F8}.Debug|Any CPU.Build.0 = Debug|Any CPU
		{69C1B541-BBEF-43F1-9341-A7F9032346F8}.Release|Any CPU.ActiveCfg = Release|Any CPU
		{69C1B541-BBEF-43F1-9341-A7F9032346F8}.Release|Any CPU.Build.0 = Release|Any CPU
		{6A24325A-6411-4932-A74A-AB20EAC002BE}.Debug|Any CPU.ActiveCfg = Debug|Any CPU
		{6A24325A-6411-4932-A74A-AB20EAC002BE}.Debug|Any CPU.Build.0 = Debug|Any CPU
		{6A24325A-6411-4932-A74A-AB20EAC002BE}.Release|Any CPU.ActiveCfg = Release|Any CPU
		{6A24325A-6411-4932-A74A-AB20EAC002BE}.Release|Any CPU.Build.0 = Release|Any CPU
		{3DB6D41B-2450-4696-BCBD-20E1F4206056}.Debug|Any CPU.ActiveCfg = Debug|Any CPU
		{3DB6D41B-2450-4696-BCBD-20E1F4206056}.Debug|Any CPU.Build.0 = Debug|Any CPU
		{3DB6D41B-2450-4696-BCBD-20E1F4206056}.Release|Any CPU.ActiveCfg = Release|Any CPU
		{3DB6D41B-2450-4696-BCBD-20E1F4206056}.Release|Any CPU.Build.0 = Release|Any CPU
		{FCC4AF29-8B4C-4FDD-AD1F-6558590747F6}.Debug|Any CPU.ActiveCfg = Debug|Any CPU
		{FCC4AF29-8B4C-4FDD-AD1F-6558590747F6}.Debug|Any CPU.Build.0 = Debug|Any CPU
		{FCC4AF29-8B4C-4FDD-AD1F-6558590747F6}.Release|Any CPU.ActiveCfg = Release|Any CPU
		{FCC4AF29-8B4C-4FDD-AD1F-6558590747F6}.Release|Any CPU.Build.0 = Release|Any CPU
	EndGlobalSection
	GlobalSection(SolutionProperties) = preSolution
		HideSolutionNode = FALSE
	EndGlobalSection
	GlobalSection(NestedProjects) = preSolution
		{79A71DFC-F5C7-4192-BAAD-E1C2F085EBEF} = {02EA681E-C7D8-13C7-8484-4AC65E1B71E8}
		{199DE003-4E37-4078-B8D9-DC12688C9837} = {02EA681E-C7D8-13C7-8484-4AC65E1B71E8}
		{2664D30F-5C6A-4BB5-91DB-FD37623CAAD3} = {02EA681E-C7D8-13C7-8484-4AC65E1B71E8}
		{160E1639-FBDF-42CF-BDA8-33861C25F46A} = {B41960A6-DFF4-47F5-8055-BCB5E3145267}
		{9C153560-3BA2-4967-AAB9-774B43C34917} = {B41960A6-DFF4-47F5-8055-BCB5E3145267}
		{D95A7CA8-36E5-45A3-A604-10E87F7368AC} = {B41960A6-DFF4-47F5-8055-BCB5E3145267}
		{5A0E0469-71F7-46F8-ABAE-C3F7DD4A161D} = {E349960A-8E98-4BD1-B40B-8141BA988FFE}
		{E7B8A1D8-E07D-4572-ADDC-37A9D8DD9C61} = {E349960A-8E98-4BD1-B40B-8141BA988FFE}
		{71D03CE2-A253-4463-B98D-59182061AD6A} = {E349960A-8E98-4BD1-B40B-8141BA988FFE}
		{E54EE573-8131-42FF-98FA-58772FDB3BB8} = {688FE21E-A750-4F91-B1CE-B5451824BDF3}
		{145FF370-143F-4EF3-9DC2-EC71DCE10C5E} = {688FE21E-A750-4F91-B1CE-B5451824BDF3}
		{CE5CF3AB-07D9-4F81-B5DB-9280EB51753C} = {688FE21E-A750-4F91-B1CE-B5451824BDF3}
		{A148386D-290E-4620-A37E-D42AC00B488E} = {40DA7E63-C559-495F-9D4A-F52352E1E65C}
		{A208D54C-646D-4BC0-BC71-0711951B08D7} = {40DA7E63-C559-495F-9D4A-F52352E1E65C}
		{7F135468-774C-4183-BAF5-529D9454BB59} = {40DA7E63-C559-495F-9D4A-F52352E1E65C}
		{798B7594-48EF-4E59-82B5-55792FAD6297} = {59DFD6DB-5434-4CBE-BC7E-36FAEECEA5CB}
		{46B2DF1A-15B2-427D-96FF-1004CDC42356} = {59DFD6DB-5434-4CBE-BC7E-36FAEECEA5CB}
		{75773C99-0EA5-47CC-B84C-3C754BD1397F} = {59DFD6DB-5434-4CBE-BC7E-36FAEECEA5CB}
		{13AFCC26-E737-4FE3-B09A-F19274112075} = {E18624B4-9FD4-46AC-A2E8-67BB46F919E2}
		{0D907FA6-5DFF-4788-A6BC-DCFD1EB7B89A} = {E18624B4-9FD4-46AC-A2E8-67BB46F919E2}
		{69C1B541-BBEF-43F1-9341-A7F9032346F8} = {E18624B4-9FD4-46AC-A2E8-67BB46F919E2}
		{6A24325A-6411-4932-A74A-AB20EAC002BE} = {103800E3-9104-46D3-B3BB-AB1CB75C84DA}
		{3DB6D41B-2450-4696-BCBD-20E1F4206056} = {103800E3-9104-46D3-B3BB-AB1CB75C84DA}
		{FCC4AF29-8B4C-4FDD-AD1F-6558590747F6} = {103800E3-9104-46D3-B3BB-AB1CB75C84DA}
	EndGlobalSection
	GlobalSection(ExtensibilityGlobals) = postSolution
		SolutionGuid = {96EBF664-8C61-48F8-AC62-2DFD4991E1A9}
	EndGlobalSection
EndGlobal
